
Microsoft Visual Studio Solution File, Format Version 12.00
# Visual Studio Version 16
VisualStudioVersion = 16.0.28922.388
MinimumVisualStudioVersion = 10.0.40219.1
Project("{2150E333-8FDC-42A3-9474-1A3956D46DE8}") = "BusinessLogic", "BusinessLogic", "{DC68276A-DBED-49BA-8A42-4771F9FB0CD1}"
EndProject
Project("{2150E333-8FDC-42A3-9474-1A3956D46DE8}") = "Apis", "Apis", "{AE48BDA8-D5DF-4C42-B593-1F1F84641F28}"
EndProject
Project("{2150E333-8FDC-42A3-9474-1A3956D46DE8}") = "PresentationWeb", "PresentationWeb", "{7FD2514E-CEF3-4025-A985-67531D05EFD8}"
EndProject
Project("{2150E333-8FDC-42A3-9474-1A3956D46DE8}") = "UnitTestProject", "UnitTestProject", "{6A2D4541-C665-4ADF-84DE-5D533CB1C0C5}"
EndProject
Project("{2150E333-8FDC-42A3-9474-1A3956D46DE8}") = "Common", "Common", "{15BBB0E9-A811-440A-9328-E90AD7AB4875}"
EndProject
Global
	GlobalSection(SolutionProperties) = preSolution
		HideSolutionNode = FALSE
	EndGlobalSection
	GlobalSection(ExtensibilityGlobals) = postSolution
		SolutionGuid = {53776740-5E84-4300-88D7-C2D2CC613923}
	EndGlobalSection
EndGlobal
