
Microsoft Visual Studio Solution File, Format Version 12.00
# Visual Studio Version 16
VisualStudioVersion = 16.0.28922.388
MinimumVisualStudioVersion = 10.0.40219.1
Project("{2150E333-8FDC-42A3-9474-1A3956D46DE8}") = "BusinessLogic", "BusinessLogic", "{DC68276A-DBED-49BA-8A42-4771F9FB0CD1}"
EndProject
Project("{2150E333-8FDC-42A3-9474-1A3956D46DE8}") = "Apis", "Apis", "{AE48BDA8-D5DF-4C42-B593-1F1F84641F28}"
EndProject
Project("{2150E333-8FDC-42A3-9474-1A3956D46DE8}") = "PresentationWeb", "PresentationWeb", "{7FD2514E-CEF3-4025-A985-67531D05EFD8}"
EndProject
Project("{2150E333-8FDC-42A3-9474-1A3956D46DE8}") = "UnitTestProject", "UnitTestProject", "{6A2D4541-C665-4ADF-84DE-5D533CB1C0C5}"
EndProject
Project("{2150E333-8FDC-42A3-9474-1A3956D46DE8}") = "Common", "Common", "{15BBB0E9-A811-440A-9328-E90AD7AB4875}"
EndProject
Project("{FAE04EC0-301F-11D3-BF4B-00C04F79EFBC}") = "DtoContext", "DtoContext\DtoContext.csproj", "{8DA3D4CC-CAF1-4567-BE24-2C523A6E1D31}"
EndProject
Project("{2150E333-8FDC-42A3-9474-1A3956D46DE8}") = "DataAccessObject", "DataAccessObject", "{C49440FC-8199-4D03-A909-FBF2D2ADB122}"
EndProject
Project("{FAE04EC0-301F-11D3-BF4B-00C04F79EFBC}") = "DaoContext", "DaoContext\DaoContext.csproj", "{29161F1B-FA7C-40EF-BFCC-CEB2D84494E6}"
EndProject
Project("{FAE04EC0-301F-11D3-BF4B-00C04F79EFBC}") = "Helpers", "Helpers\Helpers.csproj", "{F9126642-86A2-4EA0-B6E5-35134562F2DF}"
EndProject
Project("{FAE04EC0-301F-11D3-BF4B-00C04F79EFBC}") = "NUnitTestProject", "NUnitTestProject\NUnitTestProject.csproj", "{01A71271-074E-40A3-B088-38028E15997B}"
EndProject
Project("{FAE04EC0-301F-11D3-BF4B-00C04F79EFBC}") = "LogicContext", "LogicContext\LogicContext.csproj", "{CB6A146D-F31F-400A-81B1-F413F8D9019B}"
EndProject
Project("{FAE04EC0-301F-11D3-BF4B-00C04F79EFBC}") = "Entities", "Entities\Entities.csproj", "{B3FCF63A-EDF4-48D1-B0B3-CA628640A721}"
EndProject
Project("{FAE04EC0-301F-11D3-BF4B-00C04F79EFBC}") = "TechnicalTest.MasGlobal.CFranceschi2", "TechnicalTest.MasGlobal.CFranceschi2\TechnicalTest.MasGlobal.CFranceschi2.csproj", "{20E1BD02-44FD-4F7E-9EB8-77E9DDC08601}"
EndProject
Global
	GlobalSection(SolutionConfigurationPlatforms) = preSolution
		Debug|Any CPU = Debug|Any CPU
		Release|Any CPU = Release|Any CPU
	EndGlobalSection
	GlobalSection(ProjectConfigurationPlatforms) = postSolution
		{8DA3D4CC-CAF1-4567-BE24-2C523A6E1D31}.Debug|Any CPU.ActiveCfg = Debug|Any CPU
		{8DA3D4CC-CAF1-4567-BE24-2C523A6E1D31}.Debug|Any CPU.Build.0 = Debug|Any CPU
		{8DA3D4CC-CAF1-4567-BE24-2C523A6E1D31}.Release|Any CPU.ActiveCfg = Release|Any CPU
		{8DA3D4CC-CAF1-4567-BE24-2C523A6E1D31}.Release|Any CPU.Build.0 = Release|Any CPU
		{29161F1B-FA7C-40EF-BFCC-CEB2D84494E6}.Debug|Any CPU.ActiveCfg = Debug|Any CPU
		{29161F1B-FA7C-40EF-BFCC-CEB2D84494E6}.Debug|Any CPU.Build.0 = Debug|Any CPU
		{29161F1B-FA7C-40EF-BFCC-CEB2D84494E6}.Release|Any CPU.ActiveCfg = Release|Any CPU
		{29161F1B-FA7C-40EF-BFCC-CEB2D84494E6}.Release|Any CPU.Build.0 = Release|Any CPU
		{F9126642-86A2-4EA0-B6E5-35134562F2DF}.Debug|Any CPU.ActiveCfg = Debug|Any CPU
		{F9126642-86A2-4EA0-B6E5-35134562F2DF}.Debug|Any CPU.Build.0 = Debug|Any CPU
		{F9126642-86A2-4EA0-B6E5-35134562F2DF}.Release|Any CPU.ActiveCfg = Release|Any CPU
		{F9126642-86A2-4EA0-B6E5-35134562F2DF}.Release|Any CPU.Build.0 = Release|Any CPU
		{01A71271-074E-40A3-B088-38028E15997B}.Debug|Any CPU.ActiveCfg = Debug|Any CPU
		{01A71271-074E-40A3-B088-38028E15997B}.Debug|Any CPU.Build.0 = Debug|Any CPU
		{01A71271-074E-40A3-B088-38028E15997B}.Release|Any CPU.ActiveCfg = Release|Any CPU
		{01A71271-074E-40A3-B088-38028E15997B}.Release|Any CPU.Build.0 = Release|Any CPU
		{CB6A146D-F31F-400A-81B1-F413F8D9019B}.Debug|Any CPU.ActiveCfg = Debug|Any CPU
		{CB6A146D-F31F-400A-81B1-F413F8D9019B}.Debug|Any CPU.Build.0 = Debug|Any CPU
		{CB6A146D-F31F-400A-81B1-F413F8D9019B}.Release|Any CPU.ActiveCfg = Release|Any CPU
		{CB6A146D-F31F-400A-81B1-F413F8D9019B}.Release|Any CPU.Build.0 = Release|Any CPU
		{B3FCF63A-EDF4-48D1-B0B3-CA628640A721}.Debug|Any CPU.ActiveCfg = Debug|Any CPU
		{B3FCF63A-EDF4-48D1-B0B3-CA628640A721}.Debug|Any CPU.Build.0 = Debug|Any CPU
		{B3FCF63A-EDF4-48D1-B0B3-CA628640A721}.Release|Any CPU.ActiveCfg = Release|Any CPU
		{B3FCF63A-EDF4-48D1-B0B3-CA628640A721}.Release|Any CPU.Build.0 = Release|Any CPU
		{20E1BD02-44FD-4F7E-9EB8-77E9DDC08601}.Debug|Any CPU.ActiveCfg = Debug|Any CPU
		{20E1BD02-44FD-4F7E-9EB8-77E9DDC08601}.Debug|Any CPU.Build.0 = Debug|Any CPU
		{20E1BD02-44FD-4F7E-9EB8-77E9DDC08601}.Release|Any CPU.ActiveCfg = Release|Any CPU
		{20E1BD02-44FD-4F7E-9EB8-77E9DDC08601}.Release|Any CPU.Build.0 = Release|Any CPU
	EndGlobalSection
	GlobalSection(SolutionProperties) = preSolution
		HideSolutionNode = FALSE
	EndGlobalSection
	GlobalSection(NestedProjects) = preSolution
		{8DA3D4CC-CAF1-4567-BE24-2C523A6E1D31} = {15BBB0E9-A811-440A-9328-E90AD7AB4875}
		{29161F1B-FA7C-40EF-BFCC-CEB2D84494E6} = {C49440FC-8199-4D03-A909-FBF2D2ADB122}
		{F9126642-86A2-4EA0-B6E5-35134562F2DF} = {15BBB0E9-A811-440A-9328-E90AD7AB4875}
		{01A71271-074E-40A3-B088-38028E15997B} = {6A2D4541-C665-4ADF-84DE-5D533CB1C0C5}
		{CB6A146D-F31F-400A-81B1-F413F8D9019B} = {DC68276A-DBED-49BA-8A42-4771F9FB0CD1}
		{B3FCF63A-EDF4-48D1-B0B3-CA628640A721} = {15BBB0E9-A811-440A-9328-E90AD7AB4875}
		{20E1BD02-44FD-4F7E-9EB8-77E9DDC08601} = {7FD2514E-CEF3-4025-A985-67531D05EFD8}
	EndGlobalSection
	GlobalSection(ExtensibilityGlobals) = postSolution
		SolutionGuid = {53776740-5E84-4300-88D7-C2D2CC613923}
	EndGlobalSection
EndGlobal
